
Microsoft Visual Studio Solution File, Format Version 12.00
# Visual Studio Version 16
VisualStudioVersion = 16.0.30804.86
MinimumVisualStudioVersion = 10.0.40219.1
Project("{FAE04EC0-301F-11D3-BF4B-00C04F79EFBC}") = "PaymentBill - Serialization", "PaymentBill - Serialization\PaymentBill - Serialization.csproj", "{144AF891-4FF8-4513-B1AE-8073BFD42018}"
EndProject
Global
	GlobalSection(SolutionConfigurationPlatforms) = preSolution
		Debug|Any CPU = Debug|Any CPU
		Release|Any CPU = Release|Any CPU
	EndGlobalSection
	GlobalSection(ProjectConfigurationPlatforms) = postSolution
		{144AF891-4FF8-4513-B1AE-8073BFD42018}.Debug|Any CPU.ActiveCfg = Debug|Any CPU
		{144AF891-4FF8-4513-B1AE-8073BFD42018}.Debug|Any CPU.Build.0 = Debug|Any CPU
		{144AF891-4FF8-4513-B1AE-8073BFD42018}.Release|Any CPU.ActiveCfg = Release|Any CPU
		{144AF891-4FF8-4513-B1AE-8073BFD42018}.Release|Any CPU.Build.0 = Release|Any CPU
	EndGlobalSection
	GlobalSection(SolutionProperties) = preSolution
		HideSolutionNode = FALSE
	EndGlobalSection
	GlobalSection(ExtensibilityGlobals) = postSolution
		SolutionGuid = {7B01B016-9E4D-4D15-BA64-E7F8F97A0EEC}
	EndGlobalSection
EndGlobal
